{
    "name": "examples",
    "lockfileVersion": 3,
    "requires": true,
    "packages": {
        "": {
            "dependencies": {
                "@nekz/sdp": "^0.1.0"
            }
        },
        "node_modules/@nekz/sdp": {
            "version": "0.1.0",
            "resolved": "https://registry.npmjs.org/@nekz/sdp/-/sdp-0.1.0.tgz",
            "integrity": "sha512-nuLsz423e/vXT1ouaiKBPd48ENxnCMKt/vhLfXHrQUgfB8ajCfplQABirrRnFX8Uavs1hLTpSisim5Elooizaw=="
        }
    }
}
