{
    "name": "examples",
    "lockfileVersion": 3,
    "requires": true,
    "packages": {
        "": {
            "dependencies": {
                "@nekz/sdp": "^0.3.0"
            }
        },
        "node_modules/@nekz/sdp": {
            "version": "0.3.0",
            "resolved": "https://registry.npmjs.org/@nekz/sdp/-/sdp-0.3.0.tgz",
            "integrity": "sha512-4vffmc60cA1o6SHMM65c5JXgsaFV99yDMJldufetl/bBb2BjZk1kHj4VqbfKlCrsL66YLhS5oXrJUvMgPgutAg=="
        }
    }
}
